
Microsoft Visual Studio Solution File, Format Version 12.00
# Visual Studio 2012
Project("{8BC9CEB8-8B4A-11D0-8D11-00A0C91BC942}") = "CPP_IRC_SERVER", "CPP_IRC_SERVER\CPP_IRC_SERVER.vcxproj", "{EFAC7692-15FA-43B0-A3B3-67B3DE198079}"
EndProject
Global
	GlobalSection(SolutionConfigurationPlatforms) = preSolution
		Debug|Win32 = Debug|Win32
		Release|Win32 = Release|Win32
	EndGlobalSection
	GlobalSection(ProjectConfigurationPlatforms) = postSolution
		{EFAC7692-15FA-43B0-A3B3-67B3DE198079}.Debug|Win32.ActiveCfg = Debug|Win32
		{EFAC7692-15FA-43B0-A3B3-67B3DE198079}.Debug|Win32.Build.0 = Debug|Win32
		{EFAC7692-15FA-43B0-A3B3-67B3DE198079}.Release|Win32.ActiveCfg = Release|Win32
		{EFAC7692-15FA-43B0-A3B3-67B3DE198079}.Release|Win32.Build.0 = Release|Win32
	EndGlobalSection
	GlobalSection(SolutionProperties) = preSolution
		HideSolutionNode = FALSE
	EndGlobalSection
EndGlobal
