
Microsoft Visual Studio Solution File, Format Version 12.00
# Visual Studio 2012
Project("{8BC9CEB8-8B4A-11D0-8D11-00A0C91BC942}") = "CPP_IRC_CLIENT", "CPP_IRC_CLIENT\CPP_IRC_CLIENT.vcxproj", "{BF631E8B-F69F-4459-9736-42A04264B039}"
EndProject
Global
	GlobalSection(SolutionConfigurationPlatforms) = preSolution
		Debug|Win32 = Debug|Win32
		Release|Win32 = Release|Win32
	EndGlobalSection
	GlobalSection(ProjectConfigurationPlatforms) = postSolution
		{BF631E8B-F69F-4459-9736-42A04264B039}.Debug|Win32.ActiveCfg = Debug|Win32
		{BF631E8B-F69F-4459-9736-42A04264B039}.Debug|Win32.Build.0 = Debug|Win32
		{BF631E8B-F69F-4459-9736-42A04264B039}.Release|Win32.ActiveCfg = Release|Win32
		{BF631E8B-F69F-4459-9736-42A04264B039}.Release|Win32.Build.0 = Release|Win32
	EndGlobalSection
	GlobalSection(SolutionProperties) = preSolution
		HideSolutionNode = FALSE
	EndGlobalSection
EndGlobal
